<Solution>
  <Folder Name="/FrontEnd/">
    <Project Path="Microservice.Web/Microservice.Web.csproj" Id="4d4f8c37-bd76-4e19-9a63-a82dc6cde29f" />
  </Folder>
  <Folder Name="/Gateway/" />
  <Folder Name="/Integration/" />
  <Folder Name="/Services/">
    <Project Path="Microservices.service.AuthAPI/Microservices.service.AuthAPI.csproj" Id="d9e0e0aa-8c8e-4ab4-8924-33552ab8d877" />
    <Project Path="Microservices.Services.CouponAPI/Microservices.Services.CouponAPI.csproj" />
  </Folder>
</Solution>
